FORGE
  remote: https://forgeapi.puppetlabs.com
  specs:
    AlexCline-dirtree (0.2.1)
    maestrodev-wget (1.7.0)
    nanliu-staging (1.0.3)
    puppetlabs-apache (1.4.1)
      puppetlabs-concat (< 2.0.0, >= 1.1.1)
      puppetlabs-stdlib (< 5.0.0, >= 2.4.0)
    puppetlabs-apt (2.0.1)
      puppetlabs-stdlib (>= 4.5.0)
    puppetlabs-concat (1.2.2)
      puppetlabs-stdlib (< 5.0.0, >= 3.2.0)
    puppetlabs-firewall (1.6.0)
    puppetlabs-inifile (1.2.0)
    puppetlabs-mysql (3.4.0)
      nanliu-staging (~> 1.0)
      puppetlabs-stdlib (< 5.0.0, >= 3.2.0)
    puppetlabs-stdlib (4.6.0)

GIT
  remote: git@github.com:Firebladee/moodle.git
  ref: master
  sha: 1b8b8ac5def9a123abf12061bdf24b0e9cb34abb
  specs:
    Firebladee-moodle (0.0.3)
      AlexCline-dirtree (>= 0.2.1)
      maestrodev-wget (>= 1.4.1)
      puppetlabs-apache (>= 1.0.1)
      puppetlabs-stdlib (>= 4.1.0)

DEPENDENCIES
  AlexCline-dirtree (>= 0)
  Firebladee-moodle (>= 0)
  puppetlabs-apache (>= 0)
  puppetlabs-apt (>= 0)
  puppetlabs-concat (>= 0)
  puppetlabs-firewall (>= 0)
  puppetlabs-inifile (>= 0)
  puppetlabs-mysql (>= 0)
  puppetlabs-stdlib (>= 0)

