FORGE
  remote: https://forgeapi.puppetlabs.com
  specs:
    AlexCline-dirtree (0.2.1)
    croddy-make (0.0.5)
    example42-php (2.0.25)
      example42-puppi (>= 2.0.0)
    example42-puppi (2.1.12)
    example42-yum (2.1.25)
      example42-puppi (>= 2.0.0)
    maestrodev-wget (1.7.1)
    nanliu-staging (1.0.3)
    puppetlabs-apache (1.6.0)
      puppetlabs-concat (< 2.0.0, >= 1.1.1)
      puppetlabs-stdlib (< 5.0.0, >= 2.4.0)
    puppetlabs-apt (2.2.0)
      puppetlabs-stdlib (< 5.0.0, >= 4.5.0)
    puppetlabs-concat (1.2.4)
      puppetlabs-stdlib (< 5.0.0, >= 3.2.0)
    puppetlabs-dashboard (0.0.4)
      puppetlabs-apache (>= 0.0.4)
      puppetlabs-mysql (>= 0.3.0)
      puppetlabs-passenger (>= 0.0.2)
    puppetlabs-firewall (1.7.1)
    puppetlabs-gcc (0.3.0)
      puppetlabs-stdlib (< 5.0.0, >= 2.0.0)
    puppetlabs-inifile (1.4.2)
    puppetlabs-mysql (3.6.1)
      nanliu-staging (< 2.0.0, >= 1.0.1)
      puppetlabs-stdlib (< 5.0.0, >= 3.2.0)
    puppetlabs-passenger (0.4.1)
      croddy-make (< 1.0.0, >= 0.0.5)
      puppetlabs-apache (< 2.0.0, >= 1.0.0)
      puppetlabs-gcc (< 1.0.0, >= 0.2.0)
      puppetlabs-ruby (< 1.0.0, >= 0.1.0)
      puppetlabs-stdlib (< 5.0.0, >= 3.2.0)
    puppetlabs-postgresql (4.6.0)
      puppetlabs-apt (< 3.0.0, >= 1.8.0)
      puppetlabs-concat (< 2.0.0, >= 1.1.0)
      puppetlabs-stdlib (~> 4.0)
    puppetlabs-puppetdb (5.0.0)
      puppetlabs-firewall (< 2.0.0, >= 1.1.3)
      puppetlabs-inifile (< 2.0.0, >= 1.1.3)
      puppetlabs-postgresql (< 5.0.0, >= 4.0.0)
      puppetlabs-stdlib (< 5.0.0, >= 4.2.2)
    puppetlabs-ruby (0.4.0)
      puppetlabs-stdlib (< 5.0.0, >= 3.2.0)
    puppetlabs-stdlib (4.9.0)
    theforeman-puppet (4.2.0)
      puppetlabs-apache (< 2.0.0, >= 1.2.0)
      puppetlabs-concat (< 3.0.0, >= 1.0.0)
      puppetlabs-stdlib (< 5.0.0, >= 2.0.0)

GIT
  remote: git@github.com:Firebladee/omd.git
  ref: master
  sha: 3acc69fcd4f1d57a9ac590e186b721fcfb90c2fb
  specs:
    Firebladee-omd (0.1.1)
      puppetlabs-stdlib (>= 1.0.0)

DEPENDENCIES
  AlexCline-dirtree (>= 0)
  Firebladee-omd (>= 0)
  example42-php (>= 0)
  example42-yum (>= 0)
  maestrodev-wget (>= 0)
  puppetlabs-apache (>= 0)
  puppetlabs-apt (>= 0)
  puppetlabs-concat (>= 0)
  puppetlabs-dashboard (>= 0)
  puppetlabs-firewall (>= 0)
  puppetlabs-inifile (>= 0)
  puppetlabs-mysql (>= 0)
  puppetlabs-postgresql (>= 0)
  puppetlabs-puppetdb (>= 0)
  puppetlabs-stdlib (>= 0)
  theforeman-puppet (>= 0)

